
Microsoft Visual Studio Solution File, Format Version 12.00
# Visual Studio 15
VisualStudioVersion = 15.0.27703.2026
MinimumVisualStudioVersion = 10.0.40219.1
Project("{FAE04EC0-301F-11D3-BF4B-00C04F79EFBC}") = "018ventilation.se", "018ventilation.se\018ventilation.se.csproj", "{13AB05DA-8760-4F6D-8F96-AC929640E76D}"
EndProject
Global
	GlobalSection(SolutionConfigurationPlatforms) = preSolution
		Base|Any CPU = Base|Any CPU
		Debug|Any CPU = Debug|Any CPU
		Prod|Any CPU = Prod|Any CPU
	EndGlobalSection
	GlobalSection(ProjectConfigurationPlatforms) = postSolution
		{13AB05DA-8760-4F6D-8F96-AC929640E76D}.Base|Any CPU.ActiveCfg = Base|Any CPU
		{13AB05DA-8760-4F6D-8F96-AC929640E76D}.Base|Any CPU.Build.0 = Base|Any CPU
		{13AB05DA-8760-4F6D-8F96-AC929640E76D}.Debug|Any CPU.ActiveCfg = Debug|Any CPU
		{13AB05DA-8760-4F6D-8F96-AC929640E76D}.Debug|Any CPU.Build.0 = Debug|Any CPU
		{13AB05DA-8760-4F6D-8F96-AC929640E76D}.Prod|Any CPU.ActiveCfg = Prod|Any CPU
		{13AB05DA-8760-4F6D-8F96-AC929640E76D}.Prod|Any CPU.Build.0 = Prod|Any CPU
	EndGlobalSection
	GlobalSection(SolutionProperties) = preSolution
		HideSolutionNode = FALSE
	EndGlobalSection
	GlobalSection(ExtensibilityGlobals) = postSolution
		SolutionGuid = {D9318BF1-60DE-4B51-8EF7-CD1F603419D7}
	EndGlobalSection
EndGlobal
